
Microsoft Visual Studio Solution File, Format Version 11.00
# Visual C# Express 2010
Project("{FAE04EC0-301F-11D3-BF4B-00C04F79EFBC}") = "ARCHBLOXLauncher_XP", "ARCHBLOXLauncher_XP\ARCHBLOXLauncher_XP.csproj", "{11134DDF-A25D-4EF8-89A6-1A1BF2310F07}"
EndProject
Global
	GlobalSection(SolutionConfigurationPlatforms) = preSolution
		Debug|x86 = Debug|x86
		Release|x86 = Release|x86
	EndGlobalSection
	GlobalSection(ProjectConfigurationPlatforms) = postSolution
		{11134DDF-A25D-4EF8-89A6-1A1BF2310F07}.Debug|x86.ActiveCfg = Debug|x86
		{11134DDF-A25D-4EF8-89A6-1A1BF2310F07}.Debug|x86.Build.0 = Debug|x86
		{11134DDF-A25D-4EF8-89A6-1A1BF2310F07}.Release|x86.ActiveCfg = Release|x86
		{11134DDF-A25D-4EF8-89A6-1A1BF2310F07}.Release|x86.Build.0 = Release|x86
	EndGlobalSection
	GlobalSection(SolutionProperties) = preSolution
		HideSolutionNode = FALSE
	EndGlobalSection
EndGlobal
